Microsoft Visual Studio Solution File, Format Version 8.00
Project("{8BC9CEB8-8B4A-11D0-8D11-00A0C91BC942}") = "createconf", "createconf\createconf.vcproj", "{416528B5-9B1B-4DC1-A899-623C8F32ED13}"
	ProjectSection(ProjectDependencies) = postProject
	EndProjectSection
EndProject
Project("{8BC9CEB8-8B4A-11D0-8D11-00A0C91BC942}") = "dumalib", "dumalib\dumalib.vcproj", "{31A93E3A-962A-4769-812A-45A3803B6127}"
	ProjectSection(ProjectDependencies) = postProject
	EndProjectSection
EndProject
Project("{8BC9CEB8-8B4A-11D0-8D11-00A0C91BC942}") = "dumatest", "dumatest\dumatest.vcproj", "{CDD36623-87AF-4CDE-861E-31A9AB1B1D63}"
	ProjectSection(ProjectDependencies) = postProject
		{31A93E3A-962A-4769-812A-45A3803B6127} = {31A93E3A-962A-4769-812A-45A3803B6127}
	EndProjectSection
EndProject
Project("{8BC9CEB8-8B4A-11D0-8D11-00A0C91BC942}") = "dumatestpp", "dumatestpp\dumatestpp.vcproj", "{C67F03DD-E18F-44D9-8250-78BD411C5F01}"
	ProjectSection(ProjectDependencies) = postProject
		{31A93E3A-962A-4769-812A-45A3803B6127} = {31A93E3A-962A-4769-812A-45A3803B6127}
	EndProjectSection
EndProject
Project("{8BC9CEB8-8B4A-11D0-8D11-00A0C91BC942}") = "tstheap", "tstheap\tstheap.vcproj", "{5404C919-56FD-41A9-BB75-DB96201E08A1}"
	ProjectSection(ProjectDependencies) = postProject
		{31A93E3A-962A-4769-812A-45A3803B6127} = {31A93E3A-962A-4769-812A-45A3803B6127}
	EndProjectSection
EndProject
Global
	GlobalSection(SolutionConfiguration) = preSolution
		Debug = Debug
		Release = Release
	EndGlobalSection
	GlobalSection(ProjectConfiguration) = postSolution
		{416528B5-9B1B-4DC1-A899-623C8F32ED13}.Debug.ActiveCfg = Debug|Win32
		{416528B5-9B1B-4DC1-A899-623C8F32ED13}.Debug.Build.0 = Debug|Win32
		{416528B5-9B1B-4DC1-A899-623C8F32ED13}.Release.ActiveCfg = Release|Win32
		{416528B5-9B1B-4DC1-A899-623C8F32ED13}.Release.Build.0 = Release|Win32
		{31A93E3A-962A-4769-812A-45A3803B6127}.Debug.ActiveCfg = Debug|Win32
		{31A93E3A-962A-4769-812A-45A3803B6127}.Debug.Build.0 = Debug|Win32
		{31A93E3A-962A-4769-812A-45A3803B6127}.Release.ActiveCfg = Release|Win32
		{31A93E3A-962A-4769-812A-45A3803B6127}.Release.Build.0 = Release|Win32
		{CDD36623-87AF-4CDE-861E-31A9AB1B1D63}.Debug.ActiveCfg = Debug|Win32
		{CDD36623-87AF-4CDE-861E-31A9AB1B1D63}.Debug.Build.0 = Debug|Win32
		{CDD36623-87AF-4CDE-861E-31A9AB1B1D63}.Release.ActiveCfg = Release|Win32
		{CDD36623-87AF-4CDE-861E-31A9AB1B1D63}.Release.Build.0 = Release|Win32
		{C67F03DD-E18F-44D9-8250-78BD411C5F01}.Debug.ActiveCfg = Debug|Win32
		{C67F03DD-E18F-44D9-8250-78BD411C5F01}.Debug.Build.0 = Debug|Win32
		{C67F03DD-E18F-44D9-8250-78BD411C5F01}.Release.ActiveCfg = Release|Win32
		{C67F03DD-E18F-44D9-8250-78BD411C5F01}.Release.Build.0 = Release|Win32
		{5404C919-56FD-41A9-BB75-DB96201E08A1}.Debug.ActiveCfg = Debug|Win32
		{5404C919-56FD-41A9-BB75-DB96201E08A1}.Debug.Build.0 = Debug|Win32
		{5404C919-56FD-41A9-BB75-DB96201E08A1}.Release.ActiveCfg = Release|Win32
		{5404C919-56FD-41A9-BB75-DB96201E08A1}.Release.Build.0 = Release|Win32
	EndGlobalSection
	GlobalSection(ExtensibilityGlobals) = postSolution
	EndGlobalSection
	GlobalSection(ExtensibilityAddIns) = postSolution
	EndGlobalSection
EndGlobal
