Microsoft Visual Studio Solution File, Format Version 8.00
Project("{8BC9CEB8-8B4A-11D0-8D11-00A0C91BC942}") = "createconf", "createconf\createconf.vcproj", "{416528B5-9B1B-4DC1-A899-623C8F32ED13}"
	ProjectSection(ProjectDependencies) = postProject
	EndProjectSection
EndProject
Project("{8BC9CEB8-8B4A-11D0-8D11-00A0C91BC942}") = "dumalib", "dumalib\dumalib.vcproj", "{31A93E3A-962A-4769-812A-45A3803B6127}"
	ProjectSection(ProjectDependencies) = postProject
		{56ABCE73-B688-4BC4-8D94-8ED6EC9083FB} = {56ABCE73-B688-4BC4-8D94-8ED6EC9083FB}
	EndProjectSection
EndProject
Project("{8BC9CEB8-8B4A-11D0-8D11-00A0C91BC942}") = "dumatest", "dumatest\dumatest.vcproj", "{CDD36623-87AF-4CDE-861E-31A9AB1B1D63}"
	ProjectSection(ProjectDependencies) = postProject
		{31A93E3A-962A-4769-812A-45A3803B6127} = {31A93E3A-962A-4769-812A-45A3803B6127}
	EndProjectSection
EndProject
Project("{8BC9CEB8-8B4A-11D0-8D11-00A0C91BC942}") = "dumatestpp", "dumatestpp\dumatestpp.vcproj", "{C67F03DD-E18F-44D9-8250-78BD411C5F01}"
	ProjectSection(ProjectDependencies) = postProject
		{31A93E3A-962A-4769-812A-45A3803B6127} = {31A93E3A-962A-4769-812A-45A3803B6127}
	EndProjectSection
EndProject
Project("{8BC9CEB8-8B4A-11D0-8D11-00A0C91BC942}") = "tstheap", "tstheap\tstheap.vcproj", "{5404C919-56FD-41A9-BB75-DB96201E08A1}"
	ProjectSection(ProjectDependencies) = postProject
		{31A93E3A-962A-4769-812A-45A3803B6127} = {31A93E3A-962A-4769-812A-45A3803B6127}
	EndProjectSection
EndProject
Project("{8BC9CEB8-8B4A-11D0-8D11-00A0C91BC942}") = "dumadetours", "dumadetours\dumadetours.vcproj", "{E6C785A7-4412-485F-AFA0-B4FC69976E05}"
	ProjectSection(ProjectDependencies) = postProject
	EndProjectSection
EndProject
Project("{8BC9CEB8-8B4A-11D0-8D11-00A0C91BC942}") = "dumadetoursdll", "dumadetoursdll\dumadetoursdll.vcproj", "{37A06F53-EBA8-410C-A0BC-DC0A505EA205}"
	ProjectSection(ProjectDependencies) = postProject
		{31A93E3A-962A-4769-812A-45A3803B6127} = {31A93E3A-962A-4769-812A-45A3803B6127}
	EndProjectSection
EndProject
Project("{8BC9CEB8-8B4A-11D0-8D11-00A0C91BC942}") = "dumadll", "dumadll\dumadll.vcproj", "{B46EFEB6-2148-4FCA-9CEC-40CC261D1840}"
	ProjectSection(ProjectDependencies) = postProject
		{31A93E3A-962A-4769-812A-45A3803B6127} = {31A93E3A-962A-4769-812A-45A3803B6127}
	EndProjectSection
EndProject
Project("{8BC9CEB8-8B4A-11D0-8D11-00A0C91BC942}") = "stacktrace", "stacktrace\stacktrace.vcproj", "{56ABCE73-B688-4BC4-8D94-8ED6EC9083FB}"
	ProjectSection(ProjectDependencies) = postProject
	EndProjectSection
EndProject
Project("{8BC9CEB8-8B4A-11D0-8D11-00A0C91BC942}") = "quicktest", "quicktest\quicktest.vcproj", "{51E21787-88AF-4FE4-880D-D3C4E79B8990}"
	ProjectSection(ProjectDependencies) = postProject
	EndProjectSection
EndProject
Global
	GlobalSection(SolutionConfiguration) = preSolution
		Debug = Debug
		Detours = Detours
		Detours Debug = Detours Debug
		Dll Debug = Dll Debug
		Dll Release = Dll Release
		Release = Release
	EndGlobalSection
	GlobalSection(ProjectConfiguration) = postSolution
		{416528B5-9B1B-4DC1-A899-623C8F32ED13}.Debug.ActiveCfg = Debug|Win32
		{416528B5-9B1B-4DC1-A899-623C8F32ED13}.Debug.Build.0 = Debug|Win32
		{416528B5-9B1B-4DC1-A899-623C8F32ED13}.Detours.ActiveCfg = Detours|Win32
		{416528B5-9B1B-4DC1-A899-623C8F32ED13}.Detours.Build.0 = Detours|Win32
		{416528B5-9B1B-4DC1-A899-623C8F32ED13}.Detours Debug.ActiveCfg = Detours Debug|Win32
		{416528B5-9B1B-4DC1-A899-623C8F32ED13}.Dll Debug.ActiveCfg = Dll Debug|Win32
		{416528B5-9B1B-4DC1-A899-623C8F32ED13}.Dll Debug.Build.0 = Dll Debug|Win32
		{416528B5-9B1B-4DC1-A899-623C8F32ED13}.Dll Release.ActiveCfg = Dll Release|Win32
		{416528B5-9B1B-4DC1-A899-623C8F32ED13}.Dll Release.Build.0 = Dll Release|Win32
		{416528B5-9B1B-4DC1-A899-623C8F32ED13}.Release.ActiveCfg = Release|Win32
		{416528B5-9B1B-4DC1-A899-623C8F32ED13}.Release.Build.0 = Release|Win32
		{31A93E3A-962A-4769-812A-45A3803B6127}.Debug.ActiveCfg = Debug|Win32
		{31A93E3A-962A-4769-812A-45A3803B6127}.Debug.Build.0 = Debug|Win32
		{31A93E3A-962A-4769-812A-45A3803B6127}.Detours.ActiveCfg = Detours|Win32
		{31A93E3A-962A-4769-812A-45A3803B6127}.Detours.Build.0 = Detours|Win32
		{31A93E3A-962A-4769-812A-45A3803B6127}.Detours Debug.ActiveCfg = Detours Debug|Win32
		{31A93E3A-962A-4769-812A-45A3803B6127}.Detours Debug.Build.0 = Detours Debug|Win32
		{31A93E3A-962A-4769-812A-45A3803B6127}.Dll Debug.ActiveCfg = Dll Debug|Win32
		{31A93E3A-962A-4769-812A-45A3803B6127}.Dll Debug.Build.0 = Dll Debug|Win32
		{31A93E3A-962A-4769-812A-45A3803B6127}.Dll Release.ActiveCfg = Dll Release|Win32
		{31A93E3A-962A-4769-812A-45A3803B6127}.Dll Release.Build.0 = Dll Release|Win32
		{31A93E3A-962A-4769-812A-45A3803B6127}.Release.ActiveCfg = Release|Win32
		{31A93E3A-962A-4769-812A-45A3803B6127}.Release.Build.0 = Release|Win32
		{CDD36623-87AF-4CDE-861E-31A9AB1B1D63}.Debug.ActiveCfg = Debug|Win32
		{CDD36623-87AF-4CDE-861E-31A9AB1B1D63}.Debug.Build.0 = Debug|Win32
		{CDD36623-87AF-4CDE-861E-31A9AB1B1D63}.Detours.ActiveCfg = Detours|Win32
		{CDD36623-87AF-4CDE-861E-31A9AB1B1D63}.Detours Debug.ActiveCfg = Detours Debug|Win32
		{CDD36623-87AF-4CDE-861E-31A9AB1B1D63}.Dll Debug.ActiveCfg = Dll Debug|Win32
		{CDD36623-87AF-4CDE-861E-31A9AB1B1D63}.Dll Release.ActiveCfg = Dll Release|Win32
		{CDD36623-87AF-4CDE-861E-31A9AB1B1D63}.Release.ActiveCfg = Release|Win32
		{CDD36623-87AF-4CDE-861E-31A9AB1B1D63}.Release.Build.0 = Release|Win32
		{C67F03DD-E18F-44D9-8250-78BD411C5F01}.Debug.ActiveCfg = Debug|Win32
		{C67F03DD-E18F-44D9-8250-78BD411C5F01}.Debug.Build.0 = Debug|Win32
		{C67F03DD-E18F-44D9-8250-78BD411C5F01}.Detours.ActiveCfg = Detours|Win32
		{C67F03DD-E18F-44D9-8250-78BD411C5F01}.Detours Debug.ActiveCfg = Detours Debug|Win32
		{C67F03DD-E18F-44D9-8250-78BD411C5F01}.Dll Debug.ActiveCfg = Dll Debug|Win32
		{C67F03DD-E18F-44D9-8250-78BD411C5F01}.Dll Release.ActiveCfg = Dll Release|Win32
		{C67F03DD-E18F-44D9-8250-78BD411C5F01}.Release.ActiveCfg = Release|Win32
		{C67F03DD-E18F-44D9-8250-78BD411C5F01}.Release.Build.0 = Release|Win32
		{5404C919-56FD-41A9-BB75-DB96201E08A1}.Debug.ActiveCfg = Debug|Win32
		{5404C919-56FD-41A9-BB75-DB96201E08A1}.Debug.Build.0 = Debug|Win32
		{5404C919-56FD-41A9-BB75-DB96201E08A1}.Detours.ActiveCfg = Detours|Win32
		{5404C919-56FD-41A9-BB75-DB96201E08A1}.Detours Debug.ActiveCfg = Detours Debug|Win32
		{5404C919-56FD-41A9-BB75-DB96201E08A1}.Dll Debug.ActiveCfg = Dll Debug|Win32
		{5404C919-56FD-41A9-BB75-DB96201E08A1}.Dll Release.ActiveCfg = Dll Release|Win32
		{5404C919-56FD-41A9-BB75-DB96201E08A1}.Release.ActiveCfg = Release|Win32
		{5404C919-56FD-41A9-BB75-DB96201E08A1}.Release.Build.0 = Release|Win32
		{E6C785A7-4412-485F-AFA0-B4FC69976E05}.Debug.ActiveCfg = Debug|Win32
		{E6C785A7-4412-485F-AFA0-B4FC69976E05}.Detours.ActiveCfg = Detours|Win32
		{E6C785A7-4412-485F-AFA0-B4FC69976E05}.Detours.Build.0 = Detours|Win32
		{E6C785A7-4412-485F-AFA0-B4FC69976E05}.Detours Debug.ActiveCfg = Detours Debug|Win32
		{E6C785A7-4412-485F-AFA0-B4FC69976E05}.Detours Debug.Build.0 = Detours Debug|Win32
		{E6C785A7-4412-485F-AFA0-B4FC69976E05}.Dll Debug.ActiveCfg = Dll Debug|Win32
		{E6C785A7-4412-485F-AFA0-B4FC69976E05}.Dll Release.ActiveCfg = Dll Release|Win32
		{E6C785A7-4412-485F-AFA0-B4FC69976E05}.Release.ActiveCfg = Release|Win32
		{37A06F53-EBA8-410C-A0BC-DC0A505EA205}.Debug.ActiveCfg = Debug|Win32
		{37A06F53-EBA8-410C-A0BC-DC0A505EA205}.Detours.ActiveCfg = Detours|Win32
		{37A06F53-EBA8-410C-A0BC-DC0A505EA205}.Detours.Build.0 = Detours|Win32
		{37A06F53-EBA8-410C-A0BC-DC0A505EA205}.Detours Debug.ActiveCfg = Detours Debug|Win32
		{37A06F53-EBA8-410C-A0BC-DC0A505EA205}.Detours Debug.Build.0 = Detours Debug|Win32
		{37A06F53-EBA8-410C-A0BC-DC0A505EA205}.Dll Debug.ActiveCfg = Dll Debug|Win32
		{37A06F53-EBA8-410C-A0BC-DC0A505EA205}.Dll Release.ActiveCfg = Dll Release|Win32
		{37A06F53-EBA8-410C-A0BC-DC0A505EA205}.Release.ActiveCfg = Release|Win32
		{B46EFEB6-2148-4FCA-9CEC-40CC261D1840}.Debug.ActiveCfg = Debug|Win32
		{B46EFEB6-2148-4FCA-9CEC-40CC261D1840}.Detours.ActiveCfg = Detours|Win32
		{B46EFEB6-2148-4FCA-9CEC-40CC261D1840}.Detours Debug.ActiveCfg = Detours Debug|Win32
		{B46EFEB6-2148-4FCA-9CEC-40CC261D1840}.Dll Debug.ActiveCfg = Dll Debug|Win32
		{B46EFEB6-2148-4FCA-9CEC-40CC261D1840}.Dll Debug.Build.0 = Dll Debug|Win32
		{B46EFEB6-2148-4FCA-9CEC-40CC261D1840}.Dll Release.ActiveCfg = Dll Release|Win32
		{B46EFEB6-2148-4FCA-9CEC-40CC261D1840}.Dll Release.Build.0 = Dll Release|Win32
		{B46EFEB6-2148-4FCA-9CEC-40CC261D1840}.Release.ActiveCfg = Release|Win32
		{56ABCE73-B688-4BC4-8D94-8ED6EC9083FB}.Debug.ActiveCfg = Debug|Win32
		{56ABCE73-B688-4BC4-8D94-8ED6EC9083FB}.Debug.Build.0 = Debug|Win32
		{56ABCE73-B688-4BC4-8D94-8ED6EC9083FB}.Detours.ActiveCfg = Detours|Win32
		{56ABCE73-B688-4BC4-8D94-8ED6EC9083FB}.Detours.Build.0 = Detours|Win32
		{56ABCE73-B688-4BC4-8D94-8ED6EC9083FB}.Detours Debug.ActiveCfg = Detours Debug|Win32
		{56ABCE73-B688-4BC4-8D94-8ED6EC9083FB}.Detours Debug.Build.0 = Detours Debug|Win32
		{56ABCE73-B688-4BC4-8D94-8ED6EC9083FB}.Dll Debug.ActiveCfg = Dll Debug|Win32
		{56ABCE73-B688-4BC4-8D94-8ED6EC9083FB}.Dll Debug.Build.0 = Dll Debug|Win32
		{56ABCE73-B688-4BC4-8D94-8ED6EC9083FB}.Dll Release.ActiveCfg = Dll Release|Win32
		{56ABCE73-B688-4BC4-8D94-8ED6EC9083FB}.Dll Release.Build.0 = Dll Release|Win32
		{56ABCE73-B688-4BC4-8D94-8ED6EC9083FB}.Release.ActiveCfg = Release|Win32
		{56ABCE73-B688-4BC4-8D94-8ED6EC9083FB}.Release.Build.0 = Release|Win32
		{51E21787-88AF-4FE4-880D-D3C4E79B8990}.Debug.ActiveCfg = Debug|Win32
		{51E21787-88AF-4FE4-880D-D3C4E79B8990}.Debug.Build.0 = Debug|Win32
		{51E21787-88AF-4FE4-880D-D3C4E79B8990}.Detours.ActiveCfg = Debug|Win32
		{51E21787-88AF-4FE4-880D-D3C4E79B8990}.Detours.Build.0 = Debug|Win32
		{51E21787-88AF-4FE4-880D-D3C4E79B8990}.Detours Debug.ActiveCfg = Debug|Win32
		{51E21787-88AF-4FE4-880D-D3C4E79B8990}.Detours Debug.Build.0 = Debug|Win32
		{51E21787-88AF-4FE4-880D-D3C4E79B8990}.Dll Debug.ActiveCfg = Debug|Win32
		{51E21787-88AF-4FE4-880D-D3C4E79B8990}.Dll Debug.Build.0 = Debug|Win32
		{51E21787-88AF-4FE4-880D-D3C4E79B8990}.Dll Release.ActiveCfg = Release|Win32
		{51E21787-88AF-4FE4-880D-D3C4E79B8990}.Dll Release.Build.0 = Release|Win32
		{51E21787-88AF-4FE4-880D-D3C4E79B8990}.Release.ActiveCfg = Release|Win32
		{51E21787-88AF-4FE4-880D-D3C4E79B8990}.Release.Build.0 = Release|Win32
	EndGlobalSection
	GlobalSection(ExtensibilityGlobals) = postSolution
	EndGlobalSection
	GlobalSection(ExtensibilityAddIns) = postSolution
	EndGlobalSection
EndGlobal
